{
  "nodes": {
    "nixpkgs": {
      "locked": {
        "lastModified": 1619593545,
        "narHash": "sha256-+QhHNlHuItSV4EKQiZ5ONANgQOMXrWc8qYojIJORgxM=",
        "owner": "NixOS",
        "repo": "nixpkgs",
        "rev": "f3820d580ee15cd6a1aee4f7abece467075f13e7",
        "type": "github"
      },
      "original": {
        "id": "nixpkgs",
        "type": "indirect"
      }
    },
    "root": {
      "inputs": {
        "nixpkgs": "nixpkgs"
      }
    }
  },
  "root": "root",
  "version": 7
}
